{
    "_readme": [
        "This file locks the dependencies of your project to a known state",
        "Read more about it at https://getcomposer.org/doc/01-basic-usage.md#installing-dependencies",
        "This file is @generated automatically"
    ],
    "content-hash": "e30b4accdd34130ff0d7262f651f7c56",
    "packages": [
        {
            "name": "botdelive/botdelive",
            "version": "1.0",
            "source": {
                "type": "git",
                "url": "https://github.com/BotDelive/botdelivePHP.git",
                "reference": "4935956debde905dad7dd08c6fbbd0d0a3fabb47"
            },
            "dist": {
                "type": "zip",
                "url": "https://api.github.com/repos/BotDelive/botdelivePHP/zipball/4935956debde905dad7dd08c6fbbd0d0a3fabb47",
                "reference": "4935956debde905dad7dd08c6fbbd0d0a3fabb47",
                "shasum": ""
            },
            "type": "library",
            "autoload": {
                "psr-4": {
                    "BotDelive\\": "src"
                }
            },
            "notification-url": "https://packagist.org/downloads/",
            "license": [
                "MIT"
            ],
            "authors": [
                {
                    "name": "",
                    "email": "a@emil.com"
                }
            ]
        }
    ],
    "packages-dev": [],
    "aliases": [],
    "minimum-stability": "stable",
    "stability-flags": [],
    "prefer-stable": false,
    "prefer-lowest": false,
    "platform": [],
    "platform-dev": [],
    "plugin-api-version": "2.1.0"
}
